
Microsoft Visual Studio Solution File, Format Version 12.00
# Visual Studio Version 16
VisualStudioVersion = 16.0.30413.136
MinimumVisualStudioVersion = 10.0.40219.1
Project("{FAE04EC0-301F-11D3-BF4B-00C04F79EFBC}") = "Projet_Projet_2_Tran_Strasser", "Projet_Projet_2_Tran_Strasser.csproj", "{F4D035A0-1A30-47F4-9BD5-E40A75E09303}"
EndProject
Global
	GlobalSection(SolutionConfigurationPlatforms) = preSolution
		Debug|Any CPU = Debug|Any CPU
		Release|Any CPU = Release|Any CPU
	EndGlobalSection
	GlobalSection(ProjectConfigurationPlatforms) = postSolution
		{F4D035A0-1A30-47F4-9BD5-E40A75E09303}.Debug|Any CPU.ActiveCfg = Debug|Any CPU
		{F4D035A0-1A30-47F4-9BD5-E40A75E09303}.Debug|Any CPU.Build.0 = Debug|Any CPU
		{F4D035A0-1A30-47F4-9BD5-E40A75E09303}.Release|Any CPU.ActiveCfg = Release|Any CPU
		{F4D035A0-1A30-47F4-9BD5-E40A75E09303}.Release|Any CPU.Build.0 = Release|Any CPU
	EndGlobalSection
	GlobalSection(SolutionProperties) = preSolution
		HideSolutionNode = FALSE
	EndGlobalSection
	GlobalSection(ExtensibilityGlobals) = postSolution
		SolutionGuid = {5D93FBEA-58B9-4EEE-904E-D4D9C3A7D4D1}
	EndGlobalSection
EndGlobal
